
Microsoft Visual Studio Solution File, Format Version 12.00
# Visual Studio Version 16
VisualStudioVersion = 16.0.32929.386
MinimumVisualStudioVersion = 10.0.40219.1
Project("{FAE04EC0-301F-11D3-BF4B-00C04F79EFBC}") = "KalaMarket", "KalaMarket\KalaMarket.csproj", "{7A019794-0CD8-47C2-985A-FC9196C75358}"
EndProject
Project("{FAE04EC0-301F-11D3-BF4B-00C04F79EFBC}") = "KalaMarket.DataLayer", "KalaMarket.DataLayer\KalaMarket.DataLayer.csproj", "{538B1E55-2658-4ACA-AEB0-2DEB92AAC2D0}"
EndProject
Global
	GlobalSection(SolutionConfigurationPlatforms) = preSolution
		Debug|Any CPU = Debug|Any CPU
		Release|Any CPU = Release|Any CPU
	EndGlobalSection
	GlobalSection(ProjectConfigurationPlatforms) = postSolution
		{7A019794-0CD8-47C2-985A-FC9196C75358}.Debug|Any CPU.ActiveCfg = Debug|Any CPU
		{7A019794-0CD8-47C2-985A-FC9196C75358}.Debug|Any CPU.Build.0 = Debug|Any CPU
		{7A019794-0CD8-47C2-985A-FC9196C75358}.Release|Any CPU.ActiveCfg = Release|Any CPU
		{7A019794-0CD8-47C2-985A-FC9196C75358}.Release|Any CPU.Build.0 = Release|Any CPU
		{538B1E55-2658-4ACA-AEB0-2DEB92AAC2D0}.Debug|Any CPU.ActiveCfg = Debug|Any CPU
		{538B1E55-2658-4ACA-AEB0-2DEB92AAC2D0}.Debug|Any CPU.Build.0 = Debug|Any CPU
		{538B1E55-2658-4ACA-AEB0-2DEB92AAC2D0}.Release|Any CPU.ActiveCfg = Release|Any CPU
		{538B1E55-2658-4ACA-AEB0-2DEB92AAC2D0}.Release|Any CPU.Build.0 = Release|Any CPU
	EndGlobalSection
	GlobalSection(SolutionProperties) = preSolution
		HideSolutionNode = FALSE
	EndGlobalSection
	GlobalSection(ExtensibilityGlobals) = postSolution
		SolutionGuid = {5D93B8AD-B350-4948-AFED-65B1F1C54B1F}
	EndGlobalSection
EndGlobal
